
Microsoft Visual Studio Solution File, Format Version 12.00
# Visual Studio Version 17
VisualStudioVersion = 17.8.34322.80
MinimumVisualStudioVersion = 10.0.40219.1
Project("{FAE04EC0-301F-11D3-BF4B-00C04F79EFBC}") = "WorkerSalary", "WorkerSalary\WorkerSalary.csproj", "{510D42B0-F2AF-450F-BA17-906F7E7B535E}"
EndProject
Global
	GlobalSection(SolutionConfigurationPlatforms) = preSolution
		Debug|Any CPU = Debug|Any CPU
		Release|Any CPU = Release|Any CPU
	EndGlobalSection
	GlobalSection(ProjectConfigurationPlatforms) = postSolution
		{510D42B0-F2AF-450F-BA17-906F7E7B535E}.Debug|Any CPU.ActiveCfg = Debug|Any CPU
		{510D42B0-F2AF-450F-BA17-906F7E7B535E}.Debug|Any CPU.Build.0 = Debug|Any CPU
		{510D42B0-F2AF-450F-BA17-906F7E7B535E}.Release|Any CPU.ActiveCfg = Release|Any CPU
		{510D42B0-F2AF-450F-BA17-906F7E7B535E}.Release|Any CPU.Build.0 = Release|Any CPU
	EndGlobalSection
	GlobalSection(SolutionProperties) = preSolution
		HideSolutionNode = FALSE
	EndGlobalSection
	GlobalSection(ExtensibilityGlobals) = postSolution
		SolutionGuid = {25CC497A-63FB-467E-9A7F-978CF18EA7B9}
	EndGlobalSection
EndGlobal
